
Microsoft Visual Studio Solution File, Format Version 12.00
Project("{FAE04EC0-301F-11D3-BF4B-00C04F79EFBC}") = "WebApplication1", "WebApplication1\WebApplication1.csproj", "{86A4D726-6ED4-44F4-BCF2-F859593AA762}"
EndProject
Project("{2150E333-8FDC-42A3-9474-1A3956D46DE8}") = "Solution Items", "Solution Items", "{A3ED0CF2-A686-41C5-B4D1-40579629BEC6}"
	ProjectSection(SolutionItems) = preProject
		docker-compose.yml = docker-compose.yml
	EndProjectSection
EndProject
Global
	GlobalSection(SolutionConfigurationPlatforms) = preSolution
		Debug|Any CPU = Debug|Any CPU
		Release|Any CPU = Release|Any CPU
	EndGlobalSection
	GlobalSection(ProjectConfigurationPlatforms) = postSolution
		{86A4D726-6ED4-44F4-BCF2-F859593AA762}.Debug|Any CPU.ActiveCfg = Debug|Any CPU
		{86A4D726-6ED4-44F4-BCF2-F859593AA762}.Debug|Any CPU.Build.0 = Debug|Any CPU
		{86A4D726-6ED4-44F4-BCF2-F859593AA762}.Release|Any CPU.ActiveCfg = Release|Any CPU
		{86A4D726-6ED4-44F4-BCF2-F859593AA762}.Release|Any CPU.Build.0 = Release|Any CPU
	EndGlobalSection
EndGlobal
